
Microsoft Visual Studio Solution File, Format Version 12.00
# Visual Studio Version 17
VisualStudioVersion = 17.0.32126.317
MinimumVisualStudioVersion = 10.0.40219.1
Project("{9A19103F-16F7-4668-BE54-9A1E7A4F7556}") = "MapViewer_sample", "MapViewer_sample.csproj", "{F448061F-FAE7-4301-A094-F799F89D2684}"
	ProjectSection(ProjectDependencies) = postProject
		{231B3819-F6E1-466F-8EFE-7C0698B26C0A} = {231B3819-F6E1-466F-8EFE-7C0698B26C0A}
		{9CD4351D-5BB9-4993-9C9A-5D423A468BED} = {9CD4351D-5BB9-4993-9C9A-5D423A468BED}
		{3A663498-ED54-4EFF-8263-838DCE04E2A5} = {3A663498-ED54-4EFF-8263-838DCE04E2A5}
		{B5057CD9-4B1B-43D9-87DE-A989D333038F} = {B5057CD9-4B1B-43D9-87DE-A989D333038F}
		{995DA7F0-4239-4E7F-B97B-F15B30EACF53} = {995DA7F0-4239-4E7F-B97B-F15B30EACF53}
	EndProjectSection
EndProject
Project("{2150E333-8FDC-42A3-9474-1A3956D46DE8}") = "Solution Items", "Solution Items", "{3357EFB6-9053-49B2-8177-CA43C99CFDD5}"
	ProjectSection(SolutionItems) = preProject
		.editorconfig = .editorconfig
	EndProjectSection
EndProject
Project("{9A19103F-16F7-4668-BE54-9A1E7A4F7556}") = "NET_DLL_GSIImageTileMap", "..\..\Geography\NET_DLL_GSIImageTileMap\NET_DLL_GSIImageTileMap.csproj", "{3A663498-ED54-4EFF-8263-838DCE04E2A5}"
	ProjectSection(ProjectDependencies) = postProject
		{231B3819-F6E1-466F-8EFE-7C0698B26C0A} = {231B3819-F6E1-466F-8EFE-7C0698B26C0A}
		{9CD4351D-5BB9-4993-9C9A-5D423A468BED} = {9CD4351D-5BB9-4993-9C9A-5D423A468BED}
		{B5057CD9-4B1B-43D9-87DE-A989D333038F} = {B5057CD9-4B1B-43D9-87DE-A989D333038F}
		{995DA7F0-4239-4E7F-B97B-F15B30EACF53} = {995DA7F0-4239-4E7F-B97B-F15B30EACF53}
	EndProjectSection
EndProject
Project("{9A19103F-16F7-4668-BE54-9A1E7A4F7556}") = "NET_DLL_MapGridOnTile", "..\..\Geography\NET_DLL_MapGridOnTile\NET_DLL_MapGridOnTile.csproj", "{9CD4351D-5BB9-4993-9C9A-5D423A468BED}"
	ProjectSection(ProjectDependencies) = postProject
		{B5057CD9-4B1B-43D9-87DE-A989D333038F} = {B5057CD9-4B1B-43D9-87DE-A989D333038F}
		{995DA7F0-4239-4E7F-B97B-F15B30EACF53} = {995DA7F0-4239-4E7F-B97B-F15B30EACF53}
	EndProjectSection
EndProject
Project("{9A19103F-16F7-4668-BE54-9A1E7A4F7556}") = "NET_DLL_TacticalDrawing", "..\..\TacticalDrawing\NET_DLL_TacticalDrawing\NET_DLL_TacticalDrawing.csproj", "{231B3819-F6E1-466F-8EFE-7C0698B26C0A}"
EndProject
Project("{8BC9CEB8-8B4A-11D0-8D11-00A0C91BC942}") = "NET_DLL_Scene", "..\..\Scene\NET_DLL_Scene\NET_DLL_Scene.vcxproj", "{995DA7F0-4239-4E7F-B97B-F15B30EACF53}"
EndProject
Project("{9A19103F-16F7-4668-BE54-9A1E7A4F7556}") = "NET_DLL_MapGrid", "..\..\Geography\NET_DLL_MapGrid\NET_DLL_MapGrid.csproj", "{B5057CD9-4B1B-43D9-87DE-A989D333038F}"
EndProject
Project("{8BC9CEB8-8B4A-11D0-8D11-00A0C91BC942}") = "DSF_dev_src", "..\..\..\..\src\DSF_dev_src.vcxproj", "{21C078AF-DE31-4E48-A987-8A6CDFFFE839}"
EndProject
Global
	GlobalSection(SolutionConfigurationPlatforms) = preSolution
		Debug|Any CPU = Debug|Any CPU
		Debug|x64 = Debug|x64
		Debug|x86 = Debug|x86
		Release|Any CPU = Release|Any CPU
		Release|x64 = Release|x64
		Release|x86 = Release|x86
		Template|Any CPU = Template|Any CPU
		Template|x64 = Template|x64
		Template|x86 = Template|x86
	EndGlobalSection
	GlobalSection(ProjectConfigurationPlatforms) = postSolution
		{F448061F-FAE7-4301-A094-F799F89D2684}.Debug|Any CPU.ActiveCfg = Debug|Any CPU
		{F448061F-FAE7-4301-A094-F799F89D2684}.Debug|Any CPU.Build.0 = Debug|Any CPU
		{F448061F-FAE7-4301-A094-F799F89D2684}.Debug|x64.ActiveCfg = Debug|Any CPU
		{F448061F-FAE7-4301-A094-F799F89D2684}.Debug|x64.Build.0 = Debug|Any CPU
		{F448061F-FAE7-4301-A094-F799F89D2684}.Debug|x86.ActiveCfg = Debug|Any CPU
		{F448061F-FAE7-4301-A094-F799F89D2684}.Debug|x86.Build.0 = Debug|Any CPU
		{F448061F-FAE7-4301-A094-F799F89D2684}.Release|Any CPU.ActiveCfg = Release|Any CPU
		{F448061F-FAE7-4301-A094-F799F89D2684}.Release|Any CPU.Build.0 = Release|Any CPU
		{F448061F-FAE7-4301-A094-F799F89D2684}.Release|x64.ActiveCfg = Release|x64
		{F448061F-FAE7-4301-A094-F799F89D2684}.Release|x64.Build.0 = Release|x64
		{F448061F-FAE7-4301-A094-F799F89D2684}.Release|x86.ActiveCfg = Release|Any CPU
		{F448061F-FAE7-4301-A094-F799F89D2684}.Release|x86.Build.0 = Release|Any CPU
		{F448061F-FAE7-4301-A094-F799F89D2684}.Template|Any CPU.ActiveCfg = Release|Any CPU
		{F448061F-FAE7-4301-A094-F799F89D2684}.Template|Any CPU.Build.0 = Release|Any CPU
		{F448061F-FAE7-4301-A094-F799F89D2684}.Template|x64.ActiveCfg = Release|x64
		{F448061F-FAE7-4301-A094-F799F89D2684}.Template|x64.Build.0 = Release|x64
		{F448061F-FAE7-4301-A094-F799F89D2684}.Template|x86.ActiveCfg = Release|Any CPU
		{F448061F-FAE7-4301-A094-F799F89D2684}.Template|x86.Build.0 = Release|Any CPU
		{3A663498-ED54-4EFF-8263-838DCE04E2A5}.Debug|Any CPU.ActiveCfg = Debug|Any CPU
		{3A663498-ED54-4EFF-8263-838DCE04E2A5}.Debug|Any CPU.Build.0 = Debug|Any CPU
		{3A663498-ED54-4EFF-8263-838DCE04E2A5}.Debug|x64.ActiveCfg = Debug|Any CPU
		{3A663498-ED54-4EFF-8263-838DCE04E2A5}.Debug|x64.Build.0 = Debug|Any CPU
		{3A663498-ED54-4EFF-8263-838DCE04E2A5}.Debug|x86.ActiveCfg = Debug|Any CPU
		{3A663498-ED54-4EFF-8263-838DCE04E2A5}.Debug|x86.Build.0 = Debug|Any CPU
		{3A663498-ED54-4EFF-8263-838DCE04E2A5}.Release|Any CPU.ActiveCfg = Release|Any CPU
		{3A663498-ED54-4EFF-8263-838DCE04E2A5}.Release|Any CPU.Build.0 = Release|Any CPU
		{3A663498-ED54-4EFF-8263-838DCE04E2A5}.Release|x64.ActiveCfg = Release|Any CPU
		{3A663498-ED54-4EFF-8263-838DCE04E2A5}.Release|x64.Build.0 = Release|Any CPU
		{3A663498-ED54-4EFF-8263-838DCE04E2A5}.Release|x86.ActiveCfg = Release|Any CPU
		{3A663498-ED54-4EFF-8263-838DCE04E2A5}.Release|x86.Build.0 = Release|Any CPU
		{3A663498-ED54-4EFF-8263-838DCE04E2A5}.Template|Any CPU.ActiveCfg = Release|Any CPU
		{3A663498-ED54-4EFF-8263-838DCE04E2A5}.Template|Any CPU.Build.0 = Release|Any CPU
		{3A663498-ED54-4EFF-8263-838DCE04E2A5}.Template|x64.ActiveCfg = Release|Any CPU
		{3A663498-ED54-4EFF-8263-838DCE04E2A5}.Template|x64.Build.0 = Release|Any CPU
		{3A663498-ED54-4EFF-8263-838DCE04E2A5}.Template|x86.ActiveCfg = Release|Any CPU
		{3A663498-ED54-4EFF-8263-838DCE04E2A5}.Template|x86.Build.0 = Release|Any CPU
		{9CD4351D-5BB9-4993-9C9A-5D423A468BED}.Debug|Any CPU.ActiveCfg = Debug|Any CPU
		{9CD4351D-5BB9-4993-9C9A-5D423A468BED}.Debug|Any CPU.Build.0 = Debug|Any CPU
		{9CD4351D-5BB9-4993-9C9A-5D423A468BED}.Debug|x64.ActiveCfg = Debug|Any CPU
		{9CD4351D-5BB9-4993-9C9A-5D423A468BED}.Debug|x64.Build.0 = Debug|Any CPU
		{9CD4351D-5BB9-4993-9C9A-5D423A468BED}.Debug|x86.ActiveCfg = Debug|Any CPU
		{9CD4351D-5BB9-4993-9C9A-5D423A468BED}.Debug|x86.Build.0 = Debug|Any CPU
		{9CD4351D-5BB9-4993-9C9A-5D423A468BED}.Release|Any CPU.ActiveCfg = Release|Any CPU
		{9CD4351D-5BB9-4993-9C9A-5D423A468BED}.Release|Any CPU.Build.0 = Release|Any CPU
		{9CD4351D-5BB9-4993-9C9A-5D423A468BED}.Release|x64.ActiveCfg = Release|Any CPU
		{9CD4351D-5BB9-4993-9C9A-5D423A468BED}.Release|x64.Build.0 = Release|Any CPU
		{9CD4351D-5BB9-4993-9C9A-5D423A468BED}.Release|x86.ActiveCfg = Release|Any CPU
		{9CD4351D-5BB9-4993-9C9A-5D423A468BED}.Release|x86.Build.0 = Release|Any CPU
		{9CD4351D-5BB9-4993-9C9A-5D423A468BED}.Template|Any CPU.ActiveCfg = Release|Any CPU
		{9CD4351D-5BB9-4993-9C9A-5D423A468BED}.Template|Any CPU.Build.0 = Release|Any CPU
		{9CD4351D-5BB9-4993-9C9A-5D423A468BED}.Template|x64.ActiveCfg = Release|Any CPU
		{9CD4351D-5BB9-4993-9C9A-5D423A468BED}.Template|x64.Build.0 = Release|Any CPU
		{9CD4351D-5BB9-4993-9C9A-5D423A468BED}.Template|x86.ActiveCfg = Release|Any CPU
		{9CD4351D-5BB9-4993-9C9A-5D423A468BED}.Template|x86.Build.0 = Release|Any CPU
		{231B3819-F6E1-466F-8EFE-7C0698B26C0A}.Debug|Any CPU.ActiveCfg = Debug|Any CPU
		{231B3819-F6E1-466F-8EFE-7C0698B26C0A}.Debug|Any CPU.Build.0 = Debug|Any CPU
		{231B3819-F6E1-466F-8EFE-7C0698B26C0A}.Debug|x64.ActiveCfg = Debug|Any CPU
		{231B3819-F6E1-466F-8EFE-7C0698B26C0A}.Debug|x64.Build.0 = Debug|Any CPU
		{231B3819-F6E1-466F-8EFE-7C0698B26C0A}.Debug|x86.ActiveCfg = Debug|Any CPU
		{231B3819-F6E1-466F-8EFE-7C0698B26C0A}.Debug|x86.Build.0 = Debug|Any CPU
		{231B3819-F6E1-466F-8EFE-7C0698B26C0A}.Release|Any CPU.ActiveCfg = Release|Any CPU
		{231B3819-F6E1-466F-8EFE-7C0698B26C0A}.Release|Any CPU.Build.0 = Release|Any CPU
		{231B3819-F6E1-466F-8EFE-7C0698B26C0A}.Release|x64.ActiveCfg = Release|Any CPU
		{231B3819-F6E1-466F-8EFE-7C0698B26C0A}.Release|x64.Build.0 = Release|Any CPU
		{231B3819-F6E1-466F-8EFE-7C0698B26C0A}.Release|x86.ActiveCfg = Release|Any CPU
		{231B3819-F6E1-466F-8EFE-7C0698B26C0A}.Release|x86.Build.0 = Release|Any CPU
		{231B3819-F6E1-466F-8EFE-7C0698B26C0A}.Template|Any CPU.ActiveCfg = Debug|Any CPU
		{231B3819-F6E1-466F-8EFE-7C0698B26C0A}.Template|Any CPU.Build.0 = Debug|Any CPU
		{231B3819-F6E1-466F-8EFE-7C0698B26C0A}.Template|x64.ActiveCfg = Debug|Any CPU
		{231B3819-F6E1-466F-8EFE-7C0698B26C0A}.Template|x64.Build.0 = Debug|Any CPU
		{231B3819-F6E1-466F-8EFE-7C0698B26C0A}.Template|x86.ActiveCfg = Debug|Any CPU
		{231B3819-F6E1-466F-8EFE-7C0698B26C0A}.Template|x86.Build.0 = Debug|Any CPU
		{995DA7F0-4239-4E7F-B97B-F15B30EACF53}.Debug|Any CPU.ActiveCfg = Debug|x64
		{995DA7F0-4239-4E7F-B97B-F15B30EACF53}.Debug|Any CPU.Build.0 = Debug|x64
		{995DA7F0-4239-4E7F-B97B-F15B30EACF53}.Debug|x64.ActiveCfg = Debug|x64
		{995DA7F0-4239-4E7F-B97B-F15B30EACF53}.Debug|x64.Build.0 = Debug|x64
		{995DA7F0-4239-4E7F-B97B-F15B30EACF53}.Debug|x86.ActiveCfg = Debug|Win32
		{995DA7F0-4239-4E7F-B97B-F15B30EACF53}.Debug|x86.Build.0 = Debug|Win32
		{995DA7F0-4239-4E7F-B97B-F15B30EACF53}.Release|Any CPU.ActiveCfg = Release|x64
		{995DA7F0-4239-4E7F-B97B-F15B30EACF53}.Release|Any CPU.Build.0 = Release|x64
		{995DA7F0-4239-4E7F-B97B-F15B30EACF53}.Release|x64.ActiveCfg = Release|x64
		{995DA7F0-4239-4E7F-B97B-F15B30EACF53}.Release|x64.Build.0 = Release|x64
		{995DA7F0-4239-4E7F-B97B-F15B30EACF53}.Release|x86.ActiveCfg = Release|Win32
		{995DA7F0-4239-4E7F-B97B-F15B30EACF53}.Release|x86.Build.0 = Release|Win32
		{995DA7F0-4239-4E7F-B97B-F15B30EACF53}.Template|Any CPU.ActiveCfg = Template|x64
		{995DA7F0-4239-4E7F-B97B-F15B30EACF53}.Template|Any CPU.Build.0 = Template|x64
		{995DA7F0-4239-4E7F-B97B-F15B30EACF53}.Template|x64.ActiveCfg = Template|x64
		{995DA7F0-4239-4E7F-B97B-F15B30EACF53}.Template|x64.Build.0 = Template|x64
		{995DA7F0-4239-4E7F-B97B-F15B30EACF53}.Template|x86.ActiveCfg = Template|Win32
		{995DA7F0-4239-4E7F-B97B-F15B30EACF53}.Template|x86.Build.0 = Template|Win32
		{B5057CD9-4B1B-43D9-87DE-A989D333038F}.Debug|Any CPU.ActiveCfg = Debug|Any CPU
		{B5057CD9-4B1B-43D9-87DE-A989D333038F}.Debug|Any CPU.Build.0 = Debug|Any CPU
		{B5057CD9-4B1B-43D9-87DE-A989D333038F}.Debug|x64.ActiveCfg = Debug|Any CPU
		{B5057CD9-4B1B-43D9-87DE-A989D333038F}.Debug|x64.Build.0 = Debug|Any CPU
		{B5057CD9-4B1B-43D9-87DE-A989D333038F}.Debug|x86.ActiveCfg = Debug|Any CPU
		{B5057CD9-4B1B-43D9-87DE-A989D333038F}.Debug|x86.Build.0 = Debug|Any CPU
		{B5057CD9-4B1B-43D9-87DE-A989D333038F}.Release|Any CPU.ActiveCfg = Release|Any CPU
		{B5057CD9-4B1B-43D9-87DE-A989D333038F}.Release|Any CPU.Build.0 = Release|Any CPU
		{B5057CD9-4B1B-43D9-87DE-A989D333038F}.Release|x64.ActiveCfg = Release|x64
		{B5057CD9-4B1B-43D9-87DE-A989D333038F}.Release|x64.Build.0 = Release|x64
		{B5057CD9-4B1B-43D9-87DE-A989D333038F}.Release|x86.ActiveCfg = Release|Any CPU
		{B5057CD9-4B1B-43D9-87DE-A989D333038F}.Release|x86.Build.0 = Release|Any CPU
		{B5057CD9-4B1B-43D9-87DE-A989D333038F}.Template|Any CPU.ActiveCfg = Debug|Any CPU
		{B5057CD9-4B1B-43D9-87DE-A989D333038F}.Template|Any CPU.Build.0 = Debug|Any CPU
		{B5057CD9-4B1B-43D9-87DE-A989D333038F}.Template|x64.ActiveCfg = Debug|x64
		{B5057CD9-4B1B-43D9-87DE-A989D333038F}.Template|x64.Build.0 = Debug|x64
		{B5057CD9-4B1B-43D9-87DE-A989D333038F}.Template|x86.ActiveCfg = Debug|Any CPU
		{B5057CD9-4B1B-43D9-87DE-A989D333038F}.Template|x86.Build.0 = Debug|Any CPU
		{21C078AF-DE31-4E48-A987-8A6CDFFFE839}.Debug|Any CPU.ActiveCfg = Debug|x64
		{21C078AF-DE31-4E48-A987-8A6CDFFFE839}.Debug|Any CPU.Build.0 = Debug|x64
		{21C078AF-DE31-4E48-A987-8A6CDFFFE839}.Debug|x64.ActiveCfg = Debug|x64
		{21C078AF-DE31-4E48-A987-8A6CDFFFE839}.Debug|x64.Build.0 = Debug|x64
		{21C078AF-DE31-4E48-A987-8A6CDFFFE839}.Debug|x86.ActiveCfg = Debug|Win32
		{21C078AF-DE31-4E48-A987-8A6CDFFFE839}.Debug|x86.Build.0 = Debug|Win32
		{21C078AF-DE31-4E48-A987-8A6CDFFFE839}.Release|Any CPU.ActiveCfg = Release|x64
		{21C078AF-DE31-4E48-A987-8A6CDFFFE839}.Release|Any CPU.Build.0 = Release|x64
		{21C078AF-DE31-4E48-A987-8A6CDFFFE839}.Release|x64.ActiveCfg = Release|x64
		{21C078AF-DE31-4E48-A987-8A6CDFFFE839}.Release|x64.Build.0 = Release|x64
		{21C078AF-DE31-4E48-A987-8A6CDFFFE839}.Release|x86.ActiveCfg = Release|Win32
		{21C078AF-DE31-4E48-A987-8A6CDFFFE839}.Release|x86.Build.0 = Release|Win32
		{21C078AF-DE31-4E48-A987-8A6CDFFFE839}.Template|Any CPU.ActiveCfg = Debug|x64
		{21C078AF-DE31-4E48-A987-8A6CDFFFE839}.Template|Any CPU.Build.0 = Debug|x64
		{21C078AF-DE31-4E48-A987-8A6CDFFFE839}.Template|x64.ActiveCfg = Debug|x64
		{21C078AF-DE31-4E48-A987-8A6CDFFFE839}.Template|x64.Build.0 = Debug|x64
		{21C078AF-DE31-4E48-A987-8A6CDFFFE839}.Template|x86.ActiveCfg = Debug|Win32
		{21C078AF-DE31-4E48-A987-8A6CDFFFE839}.Template|x86.Build.0 = Debug|Win32
	EndGlobalSection
	GlobalSection(SolutionProperties) = preSolution
		HideSolutionNode = FALSE
	EndGlobalSection
	GlobalSection(ExtensibilityGlobals) = postSolution
		SolutionGuid = {E317430E-81BF-41F3-B7FE-C0C7B92E77F3}
	EndGlobalSection
EndGlobal
